// !$*UTF8*$!
{
	archiveVersion = 1;
	classes = {
	};
	objectVersion = 55;
	objects = {

/* Begin PBXBuildFile section */
		84B6C9232BC13E19000CC090 /* AppDelegate.swift in Sources */ = {isa = PBXBuildFile; fileRef = 84B6C9222BC13E19000CC090 /* AppDelegate.swift */; };
		84B6C9252BC13E19000CC090 /* SceneDelegate.swift in Sources */ = {isa = PBXBuildFile; fileRef = 84B6C9242BC13E19000CC090 /* SceneDelegate.swift */; };
		84B6C9272BC13E19000CC090 /* ViewController.swift in Sources */ = {isa = PBXBuildFile; fileRef = 84B6C9262BC13E19000CC090 /* ViewController.swift */; };
		84B6C92A2BC13E19000CC090 /* Main.storyboard in Resources */ = {isa = PBXBuildFile; fileRef = 84B6C9282BC13E19000CC090 /* Main.storyboard */; };
		84B6C92D2BC13E19000CC090 /* CoreData_Assignment_new.xcdatamodeld in Sources */ = {isa = PBXBuildFile; fileRef = 84B6C92B2BC13E19000CC090 /* CoreData_Assignment_new.xcdatamodeld */; };
		84B6C92F2BC13E1B000CC090 /* Assets.xcassets in Resources */ = {isa = PBXBuildFile; fileRef = 84B6C92E2BC13E1B000CC090 /* Assets.xcassets */; };
		84B6C9322BC13E1B000CC090 /* LaunchScreen.storyboard in Resources */ = {isa = PBXBuildFile; fileRef = 84B6C9302BC13E1B000CC090 /* LaunchScreen.storyboard */; };
		84B6C93A2BC13E73000CC090 /* HomeViewController.swift in Sources */ = {isa = PBXBuildFile; fileRef = 84B6C9392BC13E73000CC090 /* HomeViewController.swift */; };
		84B6C93C2BC13E9E000CC090 /* ListOfUsersViewController.swift in Sources */ = {isa = PBXBuildFile; fileRef = 84B6C93B2BC13E9E000CC090 /* ListOfUsersViewController.swift */; };
/* End PBXBuildFile section */

/* Begin PBXFileReference section */
		84B6C91F2BC13E19000CC090 /* CoreData_Assignment_new.app */ = {isa = PBXFileReference; explicitFileType = wrapper.application; includeInIndex = 0; path = CoreData_Assignment_new.app; sourceTree = BUILT_PRODUCTS_DIR; };
		84B6C9222BC13E19000CC090 /* AppDelegate.swift */ = {isa = PBXFileReference; lastKnownFileType = sourcecode.swift; path = AppDelegate.swift; sourceTree = "<group>"; };
		84B6C9242BC13E19000CC090 /* SceneDelegate.swift */ = {isa = PBXFileReference; lastKnownFileType = sourcecode.swift; path = SceneDelegate.swift; sourceTree = "<group>"; };
		84B6C9262BC13E19000CC090 /* ViewController.swift */ = {isa = PBXFileReference; lastKnownFileType = sourcecode.swift; path = ViewController.swift; sourceTree = "<group>"; };
		84B6C9292BC13E19000CC090 /* Base */ = {isa = PBXFileReference; lastKnownFileType = file.storyboard; name = Base; path = Base.lproj/Main.storyboard; sourceTree = "<group>"; };
		84B6C92C2BC13E19000CC090 /* CoreData_Assignment_new.xcdatamodel */ = {isa = PBXFileReference; lastKnownFileType = wrapper.xcdatamodel; path = CoreData_Assignment_new.xcdatamodel; sourceTree = "<group>"; };
		84B6C92E2BC13E1B000CC090 /* Assets.xcassets */ = {isa = PBXFileReference; lastKnownFileType = folder.assetcatalog; path = Assets.xcassets; sourceTree = "<group>"; };
		84B6C9312BC13E1B000CC090 /* Base */ = {isa = PBXFileReference; lastKnownFileType = file.storyboard; name = Base; path = Base.lproj/LaunchScreen.storyboard; sourceTree = "<group>"; };
		84B6C9332BC13E1B000CC090 /* Info.plist */ = {isa = PBXFileReference; lastKnownFileType = text.plist.xml; path = Info.plist; sourceTree = "<group>"; };
		84B6C9392BC13E73000CC090 /* HomeViewController.swift */ = {isa = PBXFileReference; lastKnownFileType = sourcecode.swift; path = HomeViewController.swift; sourceTree = "<group>"; };
		84B6C93B2BC13E9E000CC090 /* ListOfUsersViewController.swift */ = {isa = PBXFileReference; lastKnownFileType = sourcecode.swift; path = ListOfUsersViewController.swift; sourceTree = "<group>"; };
/* End PBXFileReference section */

/* Begin PBXFrameworksBuildPhase section */
		84B6C91C2BC13E19000CC090 /* Frameworks */ = {
			isa = PBXFrameworksBuildPhase;
			buildActionMask = 2147483647;
			files = (
			);
			runOnlyForDeploymentPostprocessing = 0;
		};
/* End PBXFrameworksBuildPhase section */

/* Begin PBXGroup section */
		84B6C9162BC13E19000CC090 = {
			isa = PBXGroup;
			children = (
				84B6C9212BC13E19000CC090 /* CoreData_Assignment_new */,
				84B6C9202BC13E19000CC090 /* Products */,
			);
			sourceTree = "<group>";
		};
		84B6C9202BC13E19000CC090 /* Products */ = {
			isa = PBXGroup;
			children = (
				84B6C91F2BC13E19000CC090 /* CoreData_Assignment_new.app */,
			);
			name = Products;
			sourceTree = "<group>";
		};
		84B6C9212BC13E19000CC090 /* CoreData_Assignment_new */ = {
			isa = PBXGroup;
			children = (
				84B6C9222BC13E19000CC090 /* AppDelegate.swift */,
				84B6C9242BC13E19000CC090 /* SceneDelegate.swift */,
				84B6C9262BC13E19000CC090 /* ViewController.swift */,
				84B6C9282BC13E19000CC090 /* Main.storyboard */,
				84B6C92E2BC13E1B000CC090 /* Assets.xcassets */,
				84B6C9302BC13E1B000CC090 /* LaunchScreen.storyboard */,
				84B6C9332BC13E1B000CC090 /* Info.plist */,
				84B6C92B2BC13E19000CC090 /* CoreData_Assignment_new.xcdatamodeld */,
				84B6C9392BC13E73000CC090 /* HomeViewController.swift */,
				84B6C93B2BC13E9E000CC090 /* ListOfUsersViewController.swift */,
			);
			path = CoreData_Assignment_new;
			sourceTree = "<group>";
		};
/* End PBXGroup section */

/* Begin PBXNativeTarget section */
		84B6C91E2BC13E19000CC090 /* CoreData_Assignment_new */ = {
			isa = PBXNativeTarget;
			buildConfigurationList = 84B6C9362BC13E1B000CC090 /* Build configuration list for PBXNativeTarget "CoreData_Assignment_new" */;
			buildPhases = (
				84B6C91B2BC13E19000CC090 /* Sources */,
				84B6C91C2BC13E19000CC090 /* Frameworks */,
				84B6C91D2BC13E19000CC090 /* Resources */,
			);
			buildRules = (
			);
			dependencies = (
			);
			name = CoreData_Assignment_new;
			productName = CoreData_Assignment_new;
			productReference = 84B6C91F2BC13E19000CC090 /* CoreData_Assignment_new.app */;
			productType = "com.apple.product-type.application";
		};
/* End PBXNativeTarget section */

/* Begin PBXProject section */
		84B6C9172BC13E19000CC090 /* Project object */ = {
			isa = PBXProject;
			attributes = {
				BuildIndependentTargetsInParallel = 1;
				LastSwiftUpdateCheck = 1340;
				LastUpgradeCheck = 1340;
				TargetAttributes = {
					84B6C91E2BC13E19000CC090 = {
						CreatedOnToolsVersion = 13.4.1;
					};
				};
			};
			buildConfigurationList = 84B6C91A2BC13E19000CC090 /* Build configuration list for PBXProject "CoreData_Assignment_new" */;
			compatibilityVersion = "Xcode 13.0";
			developmentRegion = en;
			hasScannedForEncodings = 0;
			knownRegions = (
				en,
				Base,
			);
			mainGroup = 84B6C9162BC13E19000CC090;
			productRefGroup = 84B6C9202BC13E19000CC090 /* Products */;
			projectDirPath = "";
			projectRoot = "";
			targets = (
				84B6C91E2BC13E19000CC090 /* CoreData_Assignment_new */,
			);
		};
/* End PBXProject section */

/* Begin PBXResourcesBuildPhase section */
		84B6C91D2BC13E19000CC090 /* Resources */ = {
			isa = PBXResourcesBuildPhase;
			buildActionMask = 2147483647;
			files = (
				84B6C9322BC13E1B000CC090 /* LaunchScreen.storyboard in Resources */,
				84B6C92F2BC13E1B000CC090 /* Assets.xcassets in Resources */,
				84B6C92A2BC13E19000CC090 /* Main.storyboard in Resources */,
			);
			runOnlyForDeploymentPostprocessing = 0;
		};
/* End PBXResourcesBuildPhase section */

/* Begin PBXSourcesBuildPhase section */
		84B6C91B2BC13E19000CC090 /* Sources */ = {
			isa = PBXSourcesBuildPhase;
			buildActionMask = 2147483647;
			files = (
				84B6C93C2BC13E9E000CC090 /* ListOfUsersViewController.swift in Sources */,
				84B6C93A2BC13E73000CC090 /* HomeViewController.swift in Sources */,
				84B6C92D2BC13E19000CC090 /* CoreData_Assignment_new.xcdatamodeld in Sources */,
				84B6C9272BC13E19000CC090 /* ViewController.swift in Sources */,
				84B6C9232BC13E19000CC090 /* AppDelegate.swift in Sources */,
				84B6C9252BC13E19000CC090 /* SceneDelegate.swift in Sources */,
			);
			runOnlyForDeploymentPostprocessing = 0;
		};
/* End PBXSourcesBuildPhase section */

/* Begin PBXVariantGroup section */
		84B6C9282BC13E19000CC090 /* Main.storyboard */ = {
			isa = PBXVariantGroup;
			children = (
				84B6C9292BC13E19000CC090 /* Base */,
			);
			name = Main.storyboard;
			sourceTree = "<group>";
		};
		84B6C9302BC13E1B000CC090 /* LaunchScreen.storyboard */ = {
			isa = PBXVariantGroup;
			children = (
				84B6C9312BC13E1B000CC090 /* Base */,
			);
			name = LaunchScreen.storyboard;
			sourceTree = "<group>";
		};
/* End PBXVariantGroup section */

/* Begin XCBuildConfiguration section */
		84B6C9342BC13E1B000CC090 /* Debug */ = {
			isa = XCBuildConfiguration;
			buildSettings = {
				ALWAYS_SEARCH_USER_PATHS = NO;
				CLANG_ANALYZER_NONNULL = YES;
				CLANG_ANALYZER_NUMBER_OBJECT_CONVERSION = YES_AGGRESSIVE;
				CLANG_CXX_LANGUAGE_STANDARD = "gnu++17";
				CLANG_ENABLE_MODULES = YES;
				CLANG_ENABLE_OBJC_ARC = YES;
				CLANG_ENABLE_OBJC_WEAK = YES;
				CLANG_WARN_BLOCK_CAPTURE_AUTORELEASING = YES;
				CLANG_WARN_BOOL_CONVERSION = YES;
				CLANG_WARN_COMMA = YES;
				CLANG_WARN_CONSTANT_CONVERSION = YES;
				CLANG_WARN_DEPRECATED_OBJC_IMPLEMENTATIONS = YES;
				CLANG_WARN_DIRECT_OBJC_ISA_USAGE = YES_ERROR;
				CLANG_WARN_DOCUMENTATION_COMMENTS = YES;
				CLANG_WARN_EMPTY_BODY = YES;
				CLANG_WARN_ENUM_CONVERSION = YES;
				CLANG_WARN_INFINITE_RECURSION = YES;
				CLANG_WARN_INT_CONVERSION = YES;
				CLANG_WARN_NON_LITERAL_NULL_CONVERSION = YES;
				CLANG_WARN_OBJC_IMPLICIT_RETAIN_SELF = YES;
				CLANG_WARN_OBJC_LITERAL_CONVERSION = YES;
				CLANG_WARN_OBJC_ROOT_CLASS = YES_ERROR;
				CLANG_WARN_QUOTED_INCLUDE_IN_FRAMEWORK_HEADER = YES;
				CLANG_WARN_RANGE_LOOP_ANALYSIS = YES;
				CLANG_WARN_STRICT_PROTOTYPES = YES;
				CLANG_WARN_SUSPICIOUS_MOVE = YES;
				CLANG_WARN_UNGUARDED_AVAILABILITY = YES_AGGRESSIVE;
				CLANG_WARN_UNREACHABLE_CODE = YES;
				CLANG_WARN__DUPLICATE_METHOD_MATCH = YES;
				COPY_PHASE_STRIP = NO;
				DEBUG_INFORMATION_FORMAT = dwarf;
				ENABLE_STRICT_OBJC_MSGSEND = YES;
				ENABLE_TESTABILITY = YES;
				GCC_C_LANGUAGE_STANDARD = gnu11;
				GCC_DYNAMIC_NO_PIC = NO;
				GCC_NO_COMMON_BLOCKS = YES;
				GCC_OPTIMIZATION_LEVEL = 0;
				GCC_PREPROCESSOR_DEFINITIONS = (
					"DEBUG=1",
					"$(inherited)",
				);
				GCC_WARN_64_TO_32_BIT_CONVERSION = YES;
				GCC_WARN_ABOUT_RETURN_TYPE = YES_ERROR;
				GCC_WARN_UNDECLARED_SELECTOR = YES;
				GCC_WARN_UNINITIALIZED_AUTOS = YES_AGGRESSIVE;
				GCC_WARN_UNUSED_FUNCTION = YES;
				GCC_WARN_UNUSED_VARIABLE = YES;
				IPHONEOS_DEPLOYMENT_TARGET = 15.5;
				MTL_ENABLE_DEBUG_INFO = INCLUDE_SOURCE;
				MTL_FAST_MATH = YES;
				ONLY_ACTIVE_ARCH = YES;
				SDKROOT = iphoneos;
				SWIFT_ACTIVE_COMPILATION_CONDITIONS = DEBUG;
				SWIFT_OPTIMIZATION_LEVEL = "-Onone";
			};
			name = Debug;
		};
		84B6C9352BC13E1B000CC090 /* Release */ = {
			isa = XCBuildConfiguration;
			buildSettings = {
				ALWAYS_SEARCH_USER_PATHS = NO;
				CLANG_ANALYZER_NONNULL = YES;
				CLANG_ANALYZER_NUMBER_OBJECT_CONVERSION = YES_AGGRESSIVE;
				CLANG_CXX_LANGUAGE_STANDARD = "gnu++17";
				CLANG_ENABLE_MODULES = YES;
				CLANG_ENABLE_OBJC_ARC = YES;
				CLANG_ENABLE_OBJC_WEAK = YES;
				CLANG_WARN_BLOCK_CAPTURE_AUTORELEASING = YES;
				CLANG_WARN_BOOL_CONVERSION = YES;
				CLANG_WARN_COMMA = YES;
				CLANG_WARN_CONSTANT_CONVERSION = YES;
				CLANG_WARN_DEPRECATED_OBJC_IMPLEMENTATIONS = YES;
				CLANG_WARN_DIRECT_OBJC_ISA_USAGE = YES_ERROR;
				CLANG_WARN_DOCUMENTATION_COMMENTS = YES;
				CLANG_WARN_EMPTY_BODY = YES;
				CLANG_WARN_ENUM_CONVERSION = YES;
				CLANG_WARN_INFINITE_RECURSION = YES;
				CLANG_WARN_INT_CONVERSION = YES;
				CLANG_WARN_NON_LITERAL_NULL_CONVERSION = YES;
				CLANG_WARN_OBJC_IMPLICIT_RETAIN_SELF = YES;
				CLANG_WARN_OBJC_LITERAL_CONVERSION = YES;
				CLANG_WARN_OBJC_ROOT_CLASS = YES_ERROR;
				CLANG_WARN_QUOTED_INCLUDE_IN_FRAMEWORK_HEADER = YES;
				CLANG_WARN_RANGE_LOOP_ANALYSIS = YES;
				CLANG_WARN_STRICT_PROTOTYPES = YES;
				CLANG_WARN_SUSPICIOUS_MOVE = YES;
				CLANG_WARN_UNGUARDED_AVAILABILITY = YES_AGGRESSIVE;
				CLANG_WARN_UNREACHABLE_CODE = YES;
				CLANG_WARN__DUPLICATE_METHOD_MATCH = YES;
				COPY_PHASE_STRIP = NO;
				DEBUG_INFORMATION_FORMAT = "dwarf-with-dsym";
				ENABLE_NS_ASSERTIONS = NO;
				ENABLE_STRICT_OBJC_MSGSEND = YES;
				GCC_C_LANGUAGE_STANDARD = gnu11;
				GCC_NO_COMMON_BLOCKS = YES;
				GCC_WARN_64_TO_32_BIT_CONVERSION = YES;
				GCC_WARN_ABOUT_RETURN_TYPE = YES_ERROR;
				GCC_WARN_UNDECLARED_SELECTOR = YES;
				GCC_WARN_UNINITIALIZED_AUTOS = YES_AGGRESSIVE;
				GCC_WARN_UNUSED_FUNCTION = YES;
				GCC_WARN_UNUSED_VARIABLE = YES;
				IPHONEOS_DEPLOYMENT_TARGET = 15.5;
				MTL_ENABLE_DEBUG_INFO = NO;
				MTL_FAST_MATH = YES;
				SDKROOT = iphoneos;
				SWIFT_COMPILATION_MODE = wholemodule;
				SWIFT_OPTIMIZATION_LEVEL = "-O";
				VALIDATE_PRODUCT = YES;
			};
			name = Release;
		};
		84B6C9372BC13E1B000CC090 /* Debug */ = {
			isa = XCBuildConfiguration;
			buildSettings = {
				ASSETCATALOG_COMPILER_APPICON_NAME = AppIcon;
				ASSETCATALOG_COMPILER_GLOBAL_ACCENT_COLOR_NAME = AccentColor;
				CODE_SIGN_STYLE = Automatic;
				CURRENT_PROJECT_VERSION = 1;
				GENERATE_INFOPLIST_FILE = YES;
				INFOPLIST_FILE = CoreData_Assignment_new/Info.plist;
				INFOPLIST_KEY_UIApplicationSupportsIndirectInputEvents = YES;
				INFOPLIST_KEY_UILaunchStoryboardName = LaunchScreen;
				INFOPLIST_KEY_UIMainStoryboardFile = Main;
				INFOPLIST_KEY_UISupportedInterfaceOrientations_iPad = "UIInterfaceOrientationPortrait UIInterfaceOrientationPortraitUpsideDown UIInterfaceOrientationLandscapeLeft UIInterfaceOrientationLandscapeRight";
				INFOPLIST_KEY_UISupportedInterfaceOrientations_iPhone = "UIInterfaceOrientationPortrait UIInterfaceOrientationLandscapeLeft UIInterfaceOrientationLandscapeRight";
				LD_RUNPATH_SEARCH_PATHS = (
					"$(inherited)",
					"@executable_path/Frameworks",
				);
				MARKETING_VERSION = 1.0;
				PRODUCT_BUNDLE_IDENTIFIER = "Deepali-sabale.CoreData-Assignment-new";
				PRODUCT_NAME = "$(TARGET_NAME)";
				SWIFT_EMIT_LOC_STRINGS = YES;
				SWIFT_VERSION = 5.0;
				TARGETED_DEVICE_FAMILY = "1,2";
			};
			name = Debug;
		};
		84B6C9382BC13E1B000CC090 /* Release */ = {
			isa = XCBuildConfiguration;
			buildSettings = {
				ASSETCATALOG_COMPILER_APPICON_NAME = AppIcon;
				ASSETCATALOG_COMPILER_GLOBAL_ACCENT_COLOR_NAME = AccentColor;
				CODE_SIGN_STYLE = Automatic;
				CURRENT_PROJECT_VERSION = 1;
				GENERATE_INFOPLIST_FILE = YES;
				INFOPLIST_FILE = CoreData_Assignment_new/Info.plist;
				INFOPLIST_KEY_UIApplicationSupportsIndirectInputEvents = YES;
				INFOPLIST_KEY_UILaunchStoryboardName = LaunchScreen;
				INFOPLIST_KEY_UIMainStoryboardFile = Main;
				INFOPLIST_KEY_UISupportedInterfaceOrientations_iPad = "UIInterfaceOrientationPortrait UIInterfaceOrientationPortraitUpsideDown UIInterfaceOrientationLandscapeLeft UIInterfaceOrientationLandscapeRight";
				INFOPLIST_KEY_UISupportedInterfaceOrientations_iPhone = "UIInterfaceOrientationPortrait UIInterfaceOrientationLandscapeLeft UIInterfaceOrientationLandscapeRight";
				LD_RUNPATH_SEARCH_PATHS = (
					"$(inherited)",
					"@executable_path/Frameworks",
				);
				MARKETING_VERSION = 1.0;
				PRODUCT_BUNDLE_IDENTIFIER = "Deepali-sabale.CoreData-Assignment-new";
				PRODUCT_NAME = "$(TARGET_NAME)";
				SWIFT_EMIT_LOC_STRINGS = YES;
				SWIFT_VERSION = 5.0;
				TARGETED_DEVICE_FAMILY = "1,2";
			};
			name = Release;
		};
/* End XCBuildConfiguration section */

/* Begin XCConfigurationList section */
		84B6C91A2BC13E19000CC090 /* Build configuration list for PBXProject "CoreData_Assignment_new" */ = {
			isa = XCConfigurationList;
			buildConfigurations = (
				84B6C9342BC13E1B000CC090 /* Debug */,
				84B6C9352BC13E1B000CC090 /* Release */,
			);
			defaultConfigurationIsVisible = 0;
			defaultConfigurationName = Release;
		};
		84B6C9362BC13E1B000CC090 /* Build configuration list for PBXNativeTarget "CoreData_Assignment_new" */ = {
			isa = XCConfigurationList;
			buildConfigurations = (
				84B6C9372BC13E1B000CC090 /* Debug */,
				84B6C9382BC13E1B000CC090 /* Release */,
			);
			defaultConfigurationIsVisible = 0;
			defaultConfigurationName = Release;
		};
/* End XCConfigurationList section */

/* Begin XCVersionGroup section */
		84B6C92B2BC13E19000CC090 /* CoreData_Assignment_new.xcdatamodeld */ = {
			isa = XCVersionGroup;
			children = (
				84B6C92C2BC13E19000CC090 /* CoreData_Assignment_new.xcdatamodel */,
			);
			currentVersion = 84B6C92C2BC13E19000CC090 /* CoreData_Assignment_new.xcdatamodel */;
			path = CoreData_Assignment_new.xcdatamodeld;
			sourceTree = "<group>";
			versionGroupType = wrapper.xcdatamodel;
		};
/* End XCVersionGroup section */
	};
	rootObject = 84B6C9172BC13E19000CC090 /* Project object */;
}
